
Microsoft Visual Studio Solution File, Format Version 12.00
# Visual Studio Version 16
VisualStudioVersion = 16.0.31129.286
MinimumVisualStudioVersion = 10.0.40219.1
Project("{9A19103F-16F7-4668-BE54-9A1E7A4F7556}") = "AtomDev", "AtomDev.csproj", "{95C44160-2F68-415E-864B-55A2C0A26626}"
EndProject
Global
	GlobalSection(SolutionConfigurationPlatforms) = preSolution
		Debug|Any CPU = Debug|Any CPU
		Release|Any CPU = Release|Any CPU
	EndGlobalSection
	GlobalSection(ProjectConfigurationPlatforms) = postSolution
		{95C44160-2F68-415E-864B-55A2C0A26626}.Debug|Any CPU.ActiveCfg = Debug|Any CPU
		{95C44160-2F68-415E-864B-55A2C0A26626}.Debug|Any CPU.Build.0 = Debug|Any CPU
		{95C44160-2F68-415E-864B-55A2C0A26626}.Release|Any CPU.ActiveCfg = Release|Any CPU
		{95C44160-2F68-415E-864B-55A2C0A26626}.Release|Any CPU.Build.0 = Release|Any CPU
	EndGlobalSection
	GlobalSection(SolutionProperties) = preSolution
		HideSolutionNode = FALSE
	EndGlobalSection
	GlobalSection(ExtensibilityGlobals) = postSolution
		SolutionGuid = {5AFE9095-6C0B-4BC4-96A7-34938EEE7E62}
	EndGlobalSection
EndGlobal
